
Microsoft Visual Studio Solution File, Format Version 12.00
# Visual Studio Version 16
VisualStudioVersion = 16.0.34031.81
MinimumVisualStudioVersion = 10.0.40219.1
Project("{2150E333-8FDC-42A3-9474-1A3956D46DE8}") = "Task0", "Task0", "{9E6B58F2-465B-40D6-98CB-EF0769B9B660}"
EndProject
Project("{FAE04EC0-301F-11D3-BF4B-00C04F79EFBC}") = "Tyuiu.DragomeretskiyED.Sprint0.Task0.V0", "Tyuiu.DragomeretskiyED.Sprint0.Task0.V0\Tyuiu.DragomeretskiyED.Sprint0.Task0.V0.csproj", "{A916AD70-B138-41CD-A05D-B1ECD460160A}"
EndProject
Project("{2150E333-8FDC-42A3-9474-1A3956D46DE8}") = "Task1", "Task1", "{B724C19E-6859-47EA-8DFA-712DF5F58AB4}"
EndProject
Project("{FAE04EC0-301F-11D3-BF4B-00C04F79EFBC}") = "Tyuiu.DragomeretskiyED.Sprint0.Task1.V0", "Tyuiu.DragomeretskiyED.Sprint0.Task1.V0\Tyuiu.DragomeretskiyED.Sprint0.Task1.V0.csproj", "{40C7FC6A-691F-4409-8B2B-D91C2DF422BE}"
EndProject
Project("{2150E333-8FDC-42A3-9474-1A3956D46DE8}") = "Task2", "Task2", "{B59D426C-B743-4DDB-B154-9CA23FF8E3E0}"
EndProject
Project("{FAE04EC0-301F-11D3-BF4B-00C04F79EFBC}") = "Tyuiu.DragomeretskiyED.Sprint0.Task2.V0", "Tyuiu.DragomeretskiyED.Sprint0.Task2.V0\Tyuiu.DragomeretskiyED.Sprint0.Task2.V0.csproj", "{B1D1B682-A897-4563-BA86-8213F91C5656}"
EndProject
Project("{FAE04EC0-301F-11D3-BF4B-00C04F79EFBC}") = "Tyuiu.DragomeretskiyED.Sprint0.Task2.V0.Lib", "Tyuiu.DragomeretskiyED.Sprint0.Task2.V0.Lib\Tyuiu.DragomeretskiyED.Sprint0.Task2.V0.Lib.csproj", "{AD4B9785-933B-4772-B3D7-0AEAADF36724}"
EndProject
Project("{FAE04EC0-301F-11D3-BF4B-00C04F79EFBC}") = "Tyuiu.DragomeretskiyED.Sprint0.Task2.V0.Test", "Tyuiu.DragomeretskiyED.Sprint0.Task2.V0.Test\Tyuiu.DragomeretskiyED.Sprint0.Task2.V0.Test.csproj", "{725580CA-8172-4EF0-AB37-73C62E3D2D88}"
EndProject
Project("{2150E333-8FDC-42A3-9474-1A3956D46DE8}") = "Task3", "Task3", "{1E508113-33D4-428E-BFB4-8590890B2D25}"
EndProject
Project("{FAE04EC0-301F-11D3-BF4B-00C04F79EFBC}") = "Tyuiu.DragomeretskiyED.Sprint0.Task3.V0", "Tyuiu.DragomeretskiyED.Sprint0.Task3.V0\Tyuiu.DragomeretskiyED.Sprint0.Task3.V0.csproj", "{71241FBC-8B87-4038-B60B-A9ACD00949A3}"
EndProject
Project("{FAE04EC0-301F-11D3-BF4B-00C04F79EFBC}") = "Tyuiu.DragomeretskiyED.Sprint0.Task3.V0.Lib", "Tyuiu.DragomeretskiyED.Sprint0.Task3.V0.Lib\Tyuiu.DragomeretskiyED.Sprint0.Task3.V0.Lib.csproj", "{1309FA0C-78D1-480D-AF97-40DDF387676E}"
EndProject
Project("{FAE04EC0-301F-11D3-BF4B-00C04F79EFBC}") = "Tyuiu.DragomeretskiyED.Sprint0.Task3.V0.Test", "Tyuiu.DragomeretskiyED.Sprint0.Task3.V0.Test\Tyuiu.DragomeretskiyED.Sprint0.Task3.V0.Test.csproj", "{EDD6EEE6-8408-4D3A-B468-401031497BBE}"
EndProject
Project("{2150E333-8FDC-42A3-9474-1A3956D46DE8}") = "Task4", "Task4", "{0E887D25-E565-4782-9882-7AC774D74E14}"
EndProject
Project("{FAE04EC0-301F-11D3-BF4B-00C04F79EFBC}") = "Tyuiu.DragomeretskiyED.Sprint0.Task4.V0", "Tyuiu.DragomeretskiyED.Sprint0.Task4.V0\Tyuiu.DragomeretskiyED.Sprint0.Task4.V0.csproj", "{425C5322-730F-4E0D-B236-F263510D0629}"
EndProject
Project("{FAE04EC0-301F-11D3-BF4B-00C04F79EFBC}") = "Tyuiu.DragomeretskiyED.Sprint0.Task4.V0.Lib", "Tyuiu.DragomeretskiyED.Sprint0.Task4.V0.Lib\Tyuiu.DragomeretskiyED.Sprint0.Task4.V0.Lib.csproj", "{AF0F59F3-434E-4FE2-91F9-7B19DE9A4E8F}"
EndProject
Project("{FAE04EC0-301F-11D3-BF4B-00C04F79EFBC}") = "Tyuiu.DragomeretskiyED.Sprint0.Task4.V0.Test", "Tyuiu.DragomeretskiyED.Sprint0.Task4.V0.Test\Tyuiu.DragomeretskiyED.Sprint0.Task4.V0.Test.csproj", "{98E25DA4-9A53-4ECB-ADCA-9E627CBE09BC}"
EndProject
Global
	GlobalSection(SolutionConfigurationPlatforms) = preSolution
		Debug|Any CPU = Debug|Any CPU
		Release|Any CPU = Release|Any CPU
	EndGlobalSection
	GlobalSection(ProjectConfigurationPlatforms) = postSolution
		{A916AD70-B138-41CD-A05D-B1ECD460160A}.Debug|Any CPU.ActiveCfg = Debug|Any CPU
		{A916AD70-B138-41CD-A05D-B1ECD460160A}.Debug|Any CPU.Build.0 = Debug|Any CPU
		{A916AD70-B138-41CD-A05D-B1ECD460160A}.Release|Any CPU.ActiveCfg = Release|Any CPU
		{A916AD70-B138-41CD-A05D-B1ECD460160A}.Release|Any CPU.Build.0 = Release|Any CPU
		{40C7FC6A-691F-4409-8B2B-D91C2DF422BE}.Debug|Any CPU.ActiveCfg = Debug|Any CPU
		{40C7FC6A-691F-4409-8B2B-D91C2DF422BE}.Debug|Any CPU.Build.0 = Debug|Any CPU
		{40C7FC6A-691F-4409-8B2B-D91C2DF422BE}.Release|Any CPU.ActiveCfg = Release|Any CPU
		{40C7FC6A-691F-4409-8B2B-D91C2DF422BE}.Release|Any CPU.Build.0 = Release|Any CPU
		{B1D1B682-A897-4563-BA86-8213F91C5656}.Debug|Any CPU.ActiveCfg = Debug|Any CPU
		{B1D1B682-A897-4563-BA86-8213F91C5656}.Debug|Any CPU.Build.0 = Debug|Any CPU
		{B1D1B682-A897-4563-BA86-8213F91C5656}.Release|Any CPU.ActiveCfg = Release|Any CPU
		{B1D1B682-A897-4563-BA86-8213F91C5656}.Release|Any CPU.Build.0 = Release|Any CPU
		{AD4B9785-933B-4772-B3D7-0AEAADF36724}.Debug|Any CPU.ActiveCfg = Debug|Any CPU
		{AD4B9785-933B-4772-B3D7-0AEAADF36724}.Debug|Any CPU.Build.0 = Debug|Any CPU
		{AD4B9785-933B-4772-B3D7-0AEAADF36724}.Release|Any CPU.ActiveCfg = Release|Any CPU
		{AD4B9785-933B-4772-B3D7-0AEAADF36724}.Release|Any CPU.Build.0 = Release|Any CPU
		{725580CA-8172-4EF0-AB37-73C62E3D2D88}.Debug|Any CPU.ActiveCfg = Debug|Any CPU
		{725580CA-8172-4EF0-AB37-73C62E3D2D88}.Debug|Any CPU.Build.0 = Debug|Any CPU
		{725580CA-8172-4EF0-AB37-73C62E3D2D88}.Release|Any CPU.ActiveCfg = Release|Any CPU
		{725580CA-8172-4EF0-AB37-73C62E3D2D88}.Release|Any CPU.Build.0 = Release|Any CPU
		{71241FBC-8B87-4038-B60B-A9ACD00949A3}.Debug|Any CPU.ActiveCfg = Debug|Any CPU
		{71241FBC-8B87-4038-B60B-A9ACD00949A3}.Debug|Any CPU.Build.0 = Debug|Any CPU
		{71241FBC-8B87-4038-B60B-A9ACD00949A3}.Release|Any CPU.ActiveCfg = Release|Any CPU
		{71241FBC-8B87-4038-B60B-A9ACD00949A3}.Release|Any CPU.Build.0 = Release|Any CPU
		{1309FA0C-78D1-480D-AF97-40DDF387676E}.Debug|Any CPU.ActiveCfg = Debug|Any CPU
		{1309FA0C-78D1-480D-AF97-40DDF387676E}.Debug|Any CPU.Build.0 = Debug|Any CPU
		{1309FA0C-78D1-480D-AF97-40DDF387676E}.Release|Any CPU.ActiveCfg = Release|Any CPU
		{1309FA0C-78D1-480D-AF97-40DDF387676E}.Release|Any CPU.Build.0 = Release|Any CPU
		{EDD6EEE6-8408-4D3A-B468-401031497BBE}.Debug|Any CPU.ActiveCfg = Debug|Any CPU
		{EDD6EEE6-8408-4D3A-B468-401031497BBE}.Debug|Any CPU.Build.0 = Debug|Any CPU
		{EDD6EEE6-8408-4D3A-B468-401031497BBE}.Release|Any CPU.ActiveCfg = Release|Any CPU
		{EDD6EEE6-8408-4D3A-B468-401031497BBE}.Release|Any CPU.Build.0 = Release|Any CPU
		{425C5322-730F-4E0D-B236-F263510D0629}.Debug|Any CPU.ActiveCfg = Debug|Any CPU
		{425C5322-730F-4E0D-B236-F263510D0629}.Debug|Any CPU.Build.0 = Debug|Any CPU
		{425C5322-730F-4E0D-B236-F263510D0629}.Release|Any CPU.ActiveCfg = Release|Any CPU
		{425C5322-730F-4E0D-B236-F263510D0629}.Release|Any CPU.Build.0 = Release|Any CPU
		{AF0F59F3-434E-4FE2-91F9-7B19DE9A4E8F}.Debug|Any CPU.ActiveCfg = Debug|Any CPU
		{AF0F59F3-434E-4FE2-91F9-7B19DE9A4E8F}.Debug|Any CPU.Build.0 = Debug|Any CPU
		{AF0F59F3-434E-4FE2-91F9-7B19DE9A4E8F}.Release|Any CPU.ActiveCfg = Release|Any CPU
		{AF0F59F3-434E-4FE2-91F9-7B19DE9A4E8F}.Release|Any CPU.Build.0 = Release|Any CPU
		{98E25DA4-9A53-4ECB-ADCA-9E627CBE09BC}.Debug|Any CPU.ActiveCfg = Debug|Any CPU
		{98E25DA4-9A53-4ECB-ADCA-9E627CBE09BC}.Debug|Any CPU.Build.0 = Debug|Any CPU
		{98E25DA4-9A53-4ECB-ADCA-9E627CBE09BC}.Release|Any CPU.ActiveCfg = Release|Any CPU
		{98E25DA4-9A53-4ECB-ADCA-9E627CBE09BC}.Release|Any CPU.Build.0 = Release|Any CPU
	EndGlobalSection
	GlobalSection(SolutionProperties) = preSolution
		HideSolutionNode = FALSE
	EndGlobalSection
	GlobalSection(NestedProjects) = preSolution
		{A916AD70-B138-41CD-A05D-B1ECD460160A} = {9E6B58F2-465B-40D6-98CB-EF0769B9B660}
		{40C7FC6A-691F-4409-8B2B-D91C2DF422BE} = {B724C19E-6859-47EA-8DFA-712DF5F58AB4}
		{B1D1B682-A897-4563-BA86-8213F91C5656} = {B59D426C-B743-4DDB-B154-9CA23FF8E3E0}
		{AD4B9785-933B-4772-B3D7-0AEAADF36724} = {B59D426C-B743-4DDB-B154-9CA23FF8E3E0}
		{725580CA-8172-4EF0-AB37-73C62E3D2D88} = {B59D426C-B743-4DDB-B154-9CA23FF8E3E0}
		{71241FBC-8B87-4038-B60B-A9ACD00949A3} = {1E508113-33D4-428E-BFB4-8590890B2D25}
		{1309FA0C-78D1-480D-AF97-40DDF387676E} = {1E508113-33D4-428E-BFB4-8590890B2D25}
		{EDD6EEE6-8408-4D3A-B468-401031497BBE} = {1E508113-33D4-428E-BFB4-8590890B2D25}
		{425C5322-730F-4E0D-B236-F263510D0629} = {0E887D25-E565-4782-9882-7AC774D74E14}
		{AF0F59F3-434E-4FE2-91F9-7B19DE9A4E8F} = {0E887D25-E565-4782-9882-7AC774D74E14}
		{98E25DA4-9A53-4ECB-ADCA-9E627CBE09BC} = {0E887D25-E565-4782-9882-7AC774D74E14}
	EndGlobalSection
	GlobalSection(ExtensibilityGlobals) = postSolution
		SolutionGuid = {F23A9AE6-B0AD-4B18-8250-06ECA5FFEE0A}
	EndGlobalSection
EndGlobal
