
Microsoft Visual Studio Solution File, Format Version 12.00
# Visual Studio Version 16
VisualStudioVersion = 16.0.34031.81
MinimumVisualStudioVersion = 10.0.40219.1
Project("{2150E333-8FDC-42A3-9474-1A3956D46DE8}") = "Task0", "Task0", "{9E6B58F2-465B-40D6-98CB-EF0769B9B660}"
EndProject
Project("{FAE04EC0-301F-11D3-BF4B-00C04F79EFBC}") = "Tyuiu.DragomeretskiyED.Sprint0.Task0.V0", "Tyuiu.DragomeretskiyED.Sprint0.Task0.V0\Tyuiu.DragomeretskiyED.Sprint0.Task0.V0.csproj", "{A916AD70-B138-41CD-A05D-B1ECD460160A}"
EndProject
Global
	GlobalSection(SolutionConfigurationPlatforms) = preSolution
		Debug|Any CPU = Debug|Any CPU
		Release|Any CPU = Release|Any CPU
	EndGlobalSection
	GlobalSection(ProjectConfigurationPlatforms) = postSolution
		{A916AD70-B138-41CD-A05D-B1ECD460160A}.Debug|Any CPU.ActiveCfg = Debug|Any CPU
		{A916AD70-B138-41CD-A05D-B1ECD460160A}.Debug|Any CPU.Build.0 = Debug|Any CPU
		{A916AD70-B138-41CD-A05D-B1ECD460160A}.Release|Any CPU.ActiveCfg = Release|Any CPU
		{A916AD70-B138-41CD-A05D-B1ECD460160A}.Release|Any CPU.Build.0 = Release|Any CPU
	EndGlobalSection
	GlobalSection(SolutionProperties) = preSolution
		HideSolutionNode = FALSE
	EndGlobalSection
	GlobalSection(NestedProjects) = preSolution
		{A916AD70-B138-41CD-A05D-B1ECD460160A} = {9E6B58F2-465B-40D6-98CB-EF0769B9B660}
	EndGlobalSection
	GlobalSection(ExtensibilityGlobals) = postSolution
		SolutionGuid = {F23A9AE6-B0AD-4B18-8250-06ECA5FFEE0A}
	EndGlobalSection
EndGlobal
